
Microsoft Visual Studio Solution File, Format Version 12.00
# Visual Studio Version 17
VisualStudioVersion = 17.6.33829.357
MinimumVisualStudioVersion = 10.0.40219.1
Project("{9A19103F-16F7-4668-BE54-9A1E7A4F7556}") = "WinFormsApp3", "WinFormsApp3\WinFormsApp3.csproj", "{DC0DEECA-184C-4AB0-B307-2346BFB168A7}"
EndProject
Global
	GlobalSection(SolutionConfigurationPlatforms) = preSolution
		Debug|Any CPU = Debug|Any CPU
		Debug|x64 = Debug|x64
		Release|Any CPU = Release|Any CPU
		Release|x64 = Release|x64
		Test|Any CPU = Test|Any CPU
		Test|x64 = Test|x64
	EndGlobalSection
	GlobalSection(ProjectConfigurationPlatforms) = postSolution
		{DC0DEECA-184C-4AB0-B307-2346BFB168A7}.Debug|Any CPU.ActiveCfg = Debug|Any CPU
		{DC0DEECA-184C-4AB0-B307-2346BFB168A7}.Debug|Any CPU.Build.0 = Debug|Any CPU
		{DC0DEECA-184C-4AB0-B307-2346BFB168A7}.Debug|x64.ActiveCfg = Debug|x64
		{DC0DEECA-184C-4AB0-B307-2346BFB168A7}.Debug|x64.Build.0 = Debug|x64
		{DC0DEECA-184C-4AB0-B307-2346BFB168A7}.Release|Any CPU.ActiveCfg = Release|Any CPU
		{DC0DEECA-184C-4AB0-B307-2346BFB168A7}.Release|Any CPU.Build.0 = Release|Any CPU
		{DC0DEECA-184C-4AB0-B307-2346BFB168A7}.Release|x64.ActiveCfg = Release|x64
		{DC0DEECA-184C-4AB0-B307-2346BFB168A7}.Release|x64.Build.0 = Release|x64
		{DC0DEECA-184C-4AB0-B307-2346BFB168A7}.Test|Any CPU.ActiveCfg = Test|Any CPU
		{DC0DEECA-184C-4AB0-B307-2346BFB168A7}.Test|Any CPU.Build.0 = Test|Any CPU
		{DC0DEECA-184C-4AB0-B307-2346BFB168A7}.Test|x64.ActiveCfg = Test|x64
		{DC0DEECA-184C-4AB0-B307-2346BFB168A7}.Test|x64.Build.0 = Test|x64
	EndGlobalSection
	GlobalSection(SolutionProperties) = preSolution
		HideSolutionNode = FALSE
	EndGlobalSection
	GlobalSection(ExtensibilityGlobals) = postSolution
		SolutionGuid = {35107F3C-95B3-40AE-9A63-0A8DB054445A}
	EndGlobalSection
EndGlobal
